// !$*UTF8*$!
{
	archiveVersion = 1;
	classes = {
	};
	objectVersion = 56;
	objects = {

/* Begin PBXBuildFile section */
		435D1A672D6105E600116DF3 /* refabApp.swift in Sources */ = {isa = PBXBuildFile; fileRef = 435D1A662D6105E600116DF3 /* refabApp.swift */; };
		435D1A692D6105E600116DF3 /* ContentView.swift in Sources */ = {isa = PBXBuildFile; fileRef = 435D1A682D6105E600116DF3 /* ContentView.swift */; };
		435D1A6B2D6105EC00116DF3 /* Assets.xcassets in Resources */ = {isa = PBXBuildFile; fileRef = 435D1A6A2D6105EC00116DF3 /* Assets.xcassets */; };
		435D1A782D6105EC00116DF3 /* refabTests.swift in Sources */ = {isa = PBXBuildFile; fileRef = 435D1A772D6105EC00116DF3 /* refabTests.swift */; };
		435D1A822D6105EC00116DF3 /* refabUITests.swift in Sources */ = {isa = PBXBuildFile; fileRef = 435D1A812D6105EC00116DF3 /* refabUITests.swift */; };
		435D1A842D6105EC00116DF3 /* refabUITestsLaunchTests.swift in Sources */ = {isa = PBXBuildFile; fileRef = 435D1A832D6105EC00116DF3 /* refabUITestsLaunchTests.swift */; };
		435D1A952D61218E00116DF3 /* SplashScreenView.swift in Sources */ = {isa = PBXBuildFile; fileRef = 435D1A942D61218E00116DF3 /* SplashScreenView.swift */; };
		435D1A972D6121F700116DF3 /* LoginView.swift in Sources */ = {isa = PBXBuildFile; fileRef = 435D1A962D6121F700116DF3 /* LoginView.swift */; };
		435D1A992D613ED300116DF3 /* RegisterView.swift in Sources */ = {isa = PBXBuildFile; fileRef = 435D1A982D613ED200116DF3 /* RegisterView.swift */; };
		435D1A9B2D61486100116DF3 /* DashboardView.swift in Sources */ = {isa = PBXBuildFile; fileRef = 435D1A9A2D61486100116DF3 /* DashboardView.swift */; };
		435D1A9D2D615C2700116DF3 /* LoadingView.swift in Sources */ = {isa = PBXBuildFile; fileRef = 435D1A9C2D615C2600116DF3 /* LoadingView.swift */; };
		435D1A9F2D618C7600116DF3 /* CameraView.swift in Sources */ = {isa = PBXBuildFile; fileRef = 435D1A9E2D618C7600116DF3 /* CameraView.swift */; };
		437BC6312D61D9F40013DFAF /* ProjectsView.swift in Sources */ = {isa = PBXBuildFile; fileRef = 437BC6302D61D9F40013DFAF /* ProjectsView.swift */; };
		437BC6332D61E55F0013DFAF /* ProfileView.swift in Sources */ = {isa = PBXBuildFile; fileRef = 437BC6322D61E55F0013DFAF /* ProfileView.swift */; };
		437BC6352D61E56F0013DFAF /* GraphView.swift in Sources */ = {isa = PBXBuildFile; fileRef = 437BC6342D61E56F0013DFAF /* GraphView.swift */; };
/* End PBXBuildFile section */

/* Begin PBXContainerItemProxy section */
		435D1A742D6105EC00116DF3 /* PBXContainerItemProxy */ = {
			isa = PBXContainerItemProxy;
			containerPortal = 435D1A5B2D6105E600116DF3 /* Project object */;
			proxyType = 1;
			remoteGlobalIDString = 435D1A622D6105E600116DF3;
			remoteInfo = refab;
		};
		435D1A7E2D6105EC00116DF3 /* PBXContainerItemProxy */ = {
			isa = PBXContainerItemProxy;
			containerPortal = 435D1A5B2D6105E600116DF3 /* Project object */;
			proxyType = 1;
			remoteGlobalIDString = 435D1A622D6105E600116DF3;
			remoteInfo = refab;
		};
/* End PBXContainerItemProxy section */

/* Begin PBXFileReference section */
		435D1A632D6105E600116DF3 /* refab.app */ = {isa = PBXFileReference; explicitFileType = wrapper.application; includeInIndex = 0; path = refab.app; sourceTree = BUILT_PRODUCTS_DIR; };
		435D1A662D6105E600116DF3 /* refabApp.swift */ = {isa = PBXFileReference; lastKnownFileType = sourcecode.swift; path = refabApp.swift; sourceTree = "<group>"; };
		435D1A682D6105E600116DF3 /* ContentView.swift */ = {isa = PBXFileReference; lastKnownFileType = sourcecode.swift; path = ContentView.swift; sourceTree = "<group>"; };
		435D1A6A2D6105EC00116DF3 /* Assets.xcassets */ = {isa = PBXFileReference; lastKnownFileType = folder.assetcatalog; path = Assets.xcassets; sourceTree = "<group>"; };
		435D1A732D6105EC00116DF3 /* refabTests.xctest */ = {isa = PBXFileReference; explicitFileType = wrapper.cfbundle; includeInIndex = 0; path = refabTests.xctest; sourceTree = BUILT_PRODUCTS_DIR; };
		435D1A772D6105EC00116DF3 /* refabTests.swift */ = {isa = PBXFileReference; lastKnownFileType = sourcecode.swift; path = refabTests.swift; sourceTree = "<group>"; };
		435D1A7D2D6105EC00116DF3 /* refabUITests.xctest */ = {isa = PBXFileReference; explicitFileType = wrapper.cfbundle; includeInIndex = 0; path = refabUITests.xctest; sourceTree = BUILT_PRODUCTS_DIR; };
		435D1A812D6105EC00116DF3 /* refabUITests.swift */ = {isa = PBXFileReference; lastKnownFileType = sourcecode.swift; path = refabUITests.swift; sourceTree = "<group>"; };
		435D1A832D6105EC00116DF3 /* refabUITestsLaunchTests.swift */ = {isa = PBXFileReference; lastKnownFileType = sourcecode.swift; path = refabUITestsLaunchTests.swift; sourceTree = "<group>"; };
		435D1A942D61218E00116DF3 /* SplashScreenView.swift */ = {isa = PBXFileReference; lastKnownFileType = sourcecode.swift; path = SplashScreenView.swift; sourceTree = "<group>"; };
		435D1A962D6121F700116DF3 /* LoginView.swift */ = {isa = PBXFileReference; lastKnownFileType = sourcecode.swift; path = LoginView.swift; sourceTree = "<group>"; };
		435D1A982D613ED200116DF3 /* RegisterView.swift */ = {isa = PBXFileReference; lastKnownFileType = sourcecode.swift; path = RegisterView.swift; sourceTree = "<group>"; };
		435D1A9A2D61486100116DF3 /* DashboardView.swift */ = {isa = PBXFileReference; lastKnownFileType = sourcecode.swift; path = DashboardView.swift; sourceTree = "<group>"; };
		435D1A9C2D615C2600116DF3 /* LoadingView.swift */ = {isa = PBXFileReference; lastKnownFileType = sourcecode.swift; path = LoadingView.swift; sourceTree = "<group>"; };
		435D1A9E2D618C7600116DF3 /* CameraView.swift */ = {isa = PBXFileReference; lastKnownFileType = sourcecode.swift; path = CameraView.swift; sourceTree = "<group>"; };
		437BC6302D61D9F40013DFAF /* ProjectsView.swift */ = {isa = PBXFileReference; lastKnownFileType = sourcecode.swift; path = ProjectsView.swift; sourceTree = "<group>"; };
		437BC6322D61E55F0013DFAF /* ProfileView.swift */ = {isa = PBXFileReference; lastKnownFileType = sourcecode.swift; path = ProfileView.swift; sourceTree = "<group>"; };
		437BC6342D61E56F0013DFAF /* GraphView.swift */ = {isa = PBXFileReference; lastKnownFileType = sourcecode.swift; path = GraphView.swift; sourceTree = "<group>"; };
/* End PBXFileReference section */

/* Begin PBXFrameworksBuildPhase section */
		435D1A602D6105E600116DF3 /* Frameworks */ = {
			isa = PBXFrameworksBuildPhase;
			buildActionMask = 2147483647;
			files = (
			);
			runOnlyForDeploymentPostprocessing = 0;
		};
		435D1A702D6105EC00116DF3 /* Frameworks */ = {
			isa = PBXFrameworksBuildPhase;
			buildActionMask = 2147483647;
			files = (
			);
			runOnlyForDeploymentPostprocessing = 0;
		};
		435D1A7A2D6105EC00116DF3 /* Frameworks */ = {
			isa = PBXFrameworksBuildPhase;
			buildActionMask = 2147483647;
			files = (
			);
			runOnlyForDeploymentPostprocessing = 0;
		};
/* End PBXFrameworksBuildPhase section */

/* Begin PBXGroup section */
		435D1A5A2D6105E600116DF3 = {
			isa = PBXGroup;
			children = (
				435D1A652D6105E600116DF3 /* refab */,
				435D1A762D6105EC00116DF3 /* refabTests */,
				435D1A802D6105EC00116DF3 /* refabUITests */,
				435D1A642D6105E600116DF3 /* Products */,
			);
			sourceTree = "<group>";
		};
		435D1A642D6105E600116DF3 /* Products */ = {
			isa = PBXGroup;
			children = (
				435D1A632D6105E600116DF3 /* refab.app */,
				435D1A732D6105EC00116DF3 /* refabTests.xctest */,
				435D1A7D2D6105EC00116DF3 /* refabUITests.xctest */,
			);
			name = Products;
			sourceTree = "<group>";
		};
		435D1A652D6105E600116DF3 /* refab */ = {
			isa = PBXGroup;
			children = (
				435D1A662D6105E600116DF3 /* refabApp.swift */,
				435D1A682D6105E600116DF3 /* ContentView.swift */,
				435D1A6A2D6105EC00116DF3 /* Assets.xcassets */,
				435D1A942D61218E00116DF3 /* SplashScreenView.swift */,
				435D1A962D6121F700116DF3 /* LoginView.swift */,
				435D1A982D613ED200116DF3 /* RegisterView.swift */,
				435D1A9A2D61486100116DF3 /* DashboardView.swift */,
				435D1A9C2D615C2600116DF3 /* LoadingView.swift */,
				435D1A9E2D618C7600116DF3 /* CameraView.swift */,
				437BC6302D61D9F40013DFAF /* ProjectsView.swift */,
				437BC6322D61E55F0013DFAF /* ProfileView.swift */,
				437BC6342D61E56F0013DFAF /* GraphView.swift */,
			);
			path = refab;
			sourceTree = "<group>";
		};
		435D1A762D6105EC00116DF3 /* refabTests */ = {
			isa = PBXGroup;
			children = (
				435D1A772D6105EC00116DF3 /* refabTests.swift */,
			);
			path = refabTests;
			sourceTree = "<group>";
		};
		435D1A802D6105EC00116DF3 /* refabUITests */ = {
			isa = PBXGroup;
			children = (
				435D1A812D6105EC00116DF3 /* refabUITests.swift */,
				435D1A832D6105EC00116DF3 /* refabUITestsLaunchTests.swift */,
			);
			path = refabUITests;
			sourceTree = "<group>";
		};
/* End PBXGroup section */

/* Begin PBXNativeTarget section */
		435D1A622D6105E600116DF3 /* refab */ = {
			isa = PBXNativeTarget;
			buildConfigurationList = 435D1A872D6105EC00116DF3 /* Build configuration list for PBXNativeTarget "refab" */;
			buildPhases = (
				435D1A5F2D6105E600116DF3 /* Sources */,
				435D1A602D6105E600116DF3 /* Frameworks */,
				435D1A612D6105E600116DF3 /* Resources */,
			);
			buildRules = (
			);
			dependencies = (
			);
			name = refab;
			productName = refab;
			productReference = 435D1A632D6105E600116DF3 /* refab.app */;
			productType = "com.apple.product-type.application";
		};
		435D1A722D6105EC00116DF3 /* refabTests */ = {
			isa = PBXNativeTarget;
			buildConfigurationList = 435D1A8A2D6105EC00116DF3 /* Build configuration list for PBXNativeTarget "refabTests" */;
			buildPhases = (
				435D1A6F2D6105EC00116DF3 /* Sources */,
				435D1A702D6105EC00116DF3 /* Frameworks */,
				435D1A712D6105EC00116DF3 /* Resources */,
			);
			buildRules = (
			);
			dependencies = (
				435D1A752D6105EC00116DF3 /* PBXTargetDependency */,
			);
			name = refabTests;
			productName = refabTests;
			productReference = 435D1A732D6105EC00116DF3 /* refabTests.xctest */;
			productType = "com.apple.product-type.bundle.unit-test";
		};
		435D1A7C2D6105EC00116DF3 /* refabUITests */ = {
			isa = PBXNativeTarget;
			buildConfigurationList = 435D1A8D2D6105EC00116DF3 /* Build configuration list for PBXNativeTarget "refabUITests" */;
			buildPhases = (
				435D1A792D6105EC00116DF3 /* Sources */,
				435D1A7A2D6105EC00116DF3 /* Frameworks */,
				435D1A7B2D6105EC00116DF3 /* Resources */,
			);
			buildRules = (
			);
			dependencies = (
				435D1A7F2D6105EC00116DF3 /* PBXTargetDependency */,
			);
			name = refabUITests;
			productName = refabUITests;
			productReference = 435D1A7D2D6105EC00116DF3 /* refabUITests.xctest */;
			productType = "com.apple.product-type.bundle.ui-testing";
		};
/* End PBXNativeTarget section */

/* Begin PBXProject section */
		435D1A5B2D6105E600116DF3 /* Project object */ = {
			isa = PBXProject;
			attributes = {
				BuildIndependentTargetsInParallel = 1;
				LastSwiftUpdateCheck = 1420;
				LastUpgradeCheck = 1420;
				TargetAttributes = {
					435D1A622D6105E600116DF3 = {
						CreatedOnToolsVersion = 14.2;
					};
					435D1A722D6105EC00116DF3 = {
						CreatedOnToolsVersion = 14.2;
						TestTargetID = 435D1A622D6105E600116DF3;
					};
					435D1A7C2D6105EC00116DF3 = {
						CreatedOnToolsVersion = 14.2;
						TestTargetID = 435D1A622D6105E600116DF3;
					};
				};
			};
			buildConfigurationList = 435D1A5E2D6105E600116DF3 /* Build configuration list for PBXProject "refab" */;
			compatibilityVersion = "Xcode 14.0";
			developmentRegion = en;
			hasScannedForEncodings = 0;
			knownRegions = (
				en,
				Base,
			);
			mainGroup = 435D1A5A2D6105E600116DF3;
			productRefGroup = 435D1A642D6105E600116DF3 /* Products */;
			projectDirPath = "";
			projectRoot = "";
			targets = (
				435D1A622D6105E600116DF3 /* refab */,
				435D1A722D6105EC00116DF3 /* refabTests */,
				435D1A7C2D6105EC00116DF3 /* refabUITests */,
			);
		};
/* End PBXProject section */

/* Begin PBXResourcesBuildPhase section */
		435D1A612D6105E600116DF3 /* Resources */ = {
			isa = PBXResourcesBuildPhase;
			buildActionMask = 2147483647;
			files = (
				435D1A6B2D6105EC00116DF3 /* Assets.xcassets in Resources */,
			);
			runOnlyForDeploymentPostprocessing = 0;
		};
		435D1A712D6105EC00116DF3 /* Resources */ = {
			isa = PBXResourcesBuildPhase;
			buildActionMask = 2147483647;
			files = (
			);
			runOnlyForDeploymentPostprocessing = 0;
		};
		435D1A7B2D6105EC00116DF3 /* Resources */ = {
			isa = PBXResourcesBuildPhase;
			buildActionMask = 2147483647;
			files = (
			);
			runOnlyForDeploymentPostprocessing = 0;
		};
/* End PBXResourcesBuildPhase section */

/* Begin PBXSourcesBuildPhase section */
		435D1A5F2D6105E600116DF3 /* Sources */ = {
			isa = PBXSourcesBuildPhase;
			buildActionMask = 2147483647;
			files = (
				435D1A692D6105E600116DF3 /* ContentView.swift in Sources */,
				435D1A9B2D61486100116DF3 /* DashboardView.swift in Sources */,
				437BC6332D61E55F0013DFAF /* ProfileView.swift in Sources */,
				437BC6352D61E56F0013DFAF /* GraphView.swift in Sources */,
				435D1A992D613ED300116DF3 /* RegisterView.swift in Sources */,
				435D1A672D6105E600116DF3 /* refabApp.swift in Sources */,
				435D1A972D6121F700116DF3 /* LoginView.swift in Sources */,
				435D1A9D2D615C2700116DF3 /* LoadingView.swift in Sources */,
				437BC6312D61D9F40013DFAF /* ProjectsView.swift in Sources */,
				435D1A952D61218E00116DF3 /* SplashScreenView.swift in Sources */,
				435D1A9F2D618C7600116DF3 /* CameraView.swift in Sources */,
			);
			runOnlyForDeploymentPostprocessing = 0;
		};
		435D1A6F2D6105EC00116DF3 /* Sources */ = {
			isa = PBXSourcesBuildPhase;
			buildActionMask = 2147483647;
			files = (
				435D1A782D6105EC00116DF3 /* refabTests.swift in Sources */,
			);
			runOnlyForDeploymentPostprocessing = 0;
		};
		435D1A792D6105EC00116DF3 /* Sources */ = {
			isa = PBXSourcesBuildPhase;
			buildActionMask = 2147483647;
			files = (
				435D1A822D6105EC00116DF3 /* refabUITests.swift in Sources */,
				435D1A842D6105EC00116DF3 /* refabUITestsLaunchTests.swift in Sources */,
			);
			runOnlyForDeploymentPostprocessing = 0;
		};
/* End PBXSourcesBuildPhase section */

/* Begin PBXTargetDependency section */
		435D1A752D6105EC00116DF3 /* PBXTargetDependency */ = {
			isa = PBXTargetDependency;
			target = 435D1A622D6105E600116DF3 /* refab */;
			targetProxy = 435D1A742D6105EC00116DF3 /* PBXContainerItemProxy */;
		};
		435D1A7F2D6105EC00116DF3 /* PBXTargetDependency */ = {
			isa = PBXTargetDependency;
			target = 435D1A622D6105E600116DF3 /* refab */;
			targetProxy = 435D1A7E2D6105EC00116DF3 /* PBXContainerItemProxy */;
		};
/* End PBXTargetDependency section */

/* Begin XCBuildConfiguration section */
		435D1A852D6105EC00116DF3 /* Debug */ = {
			isa = XCBuildConfiguration;
			buildSettings = {
				ALWAYS_SEARCH_USER_PATHS = NO;
				CLANG_ANALYZER_NONNULL = YES;
				CLANG_ANALYZER_NUMBER_OBJECT_CONVERSION = YES_AGGRESSIVE;
				CLANG_CXX_LANGUAGE_STANDARD = "gnu++20";
				CLANG_ENABLE_MODULES = YES;
				CLANG_ENABLE_OBJC_ARC = YES;
				CLANG_ENABLE_OBJC_WEAK = YES;
				CLANG_WARN_BLOCK_CAPTURE_AUTORELEASING = YES;
				CLANG_WARN_BOOL_CONVERSION = YES;
				CLANG_WARN_COMMA = YES;
				CLANG_WARN_CONSTANT_CONVERSION = YES;
				CLANG_WARN_DEPRECATED_OBJC_IMPLEMENTATIONS = YES;
				CLANG_WARN_DIRECT_OBJC_ISA_USAGE = YES_ERROR;
				CLANG_WARN_DOCUMENTATION_COMMENTS = YES;
				CLANG_WARN_EMPTY_BODY = YES;
				CLANG_WARN_ENUM_CONVERSION = YES;
				CLANG_WARN_INFINITE_RECURSION = YES;
				CLANG_WARN_INT_CONVERSION = YES;
				CLANG_WARN_NON_LITERAL_NULL_CONVERSION = YES;
				CLANG_WARN_OBJC_IMPLICIT_RETAIN_SELF = YES;
				CLANG_WARN_OBJC_LITERAL_CONVERSION = YES;
				CLANG_WARN_OBJC_ROOT_CLASS = YES_ERROR;
				CLANG_WARN_QUOTED_INCLUDE_IN_FRAMEWORK_HEADER = YES;
				CLANG_WARN_RANGE_LOOP_ANALYSIS = YES;
				CLANG_WARN_STRICT_PROTOTYPES = YES;
				CLANG_WARN_SUSPICIOUS_MOVE = YES;
				CLANG_WARN_UNGUARDED_AVAILABILITY = YES_AGGRESSIVE;
				CLANG_WARN_UNREACHABLE_CODE = YES;
				CLANG_WARN__DUPLICATE_METHOD_MATCH = YES;
				COPY_PHASE_STRIP = NO;
				DEBUG_INFORMATION_FORMAT = dwarf;
				ENABLE_STRICT_OBJC_MSGSEND = YES;
				ENABLE_TESTABILITY = YES;
				GCC_C_LANGUAGE_STANDARD = gnu11;
				GCC_DYNAMIC_NO_PIC = NO;
				GCC_NO_COMMON_BLOCKS = YES;
				GCC_OPTIMIZATION_LEVEL = 0;
				GCC_PREPROCESSOR_DEFINITIONS = (
					"DEBUG=1",
					"$(inherited)",
				);
				GCC_WARN_64_TO_32_BIT_CONVERSION = YES;
				GCC_WARN_ABOUT_RETURN_TYPE = YES_ERROR;
				GCC_WARN_UNDECLARED_SELECTOR = YES;
				GCC_WARN_UNINITIALIZED_AUTOS = YES_AGGRESSIVE;
				GCC_WARN_UNUSED_FUNCTION = YES;
				GCC_WARN_UNUSED_VARIABLE = YES;
				IPHONEOS_DEPLOYMENT_TARGET = 16.2;
				MTL_ENABLE_DEBUG_INFO = INCLUDE_SOURCE;
				MTL_FAST_MATH = YES;
				ONLY_ACTIVE_ARCH = YES;
				SDKROOT = iphoneos;
				SWIFT_ACTIVE_COMPILATION_CONDITIONS = DEBUG;
				SWIFT_OPTIMIZATION_LEVEL = "-Onone";
			};
			name = Debug;
		};
		435D1A862D6105EC00116DF3 /* Release */ = {
			isa = XCBuildConfiguration;
			buildSettings = {
				ALWAYS_SEARCH_USER_PATHS = NO;
				CLANG_ANALYZER_NONNULL = YES;
				CLANG_ANALYZER_NUMBER_OBJECT_CONVERSION = YES_AGGRESSIVE;
				CLANG_CXX_LANGUAGE_STANDARD = "gnu++20";
				CLANG_ENABLE_MODULES = YES;
				CLANG_ENABLE_OBJC_ARC = YES;
				CLANG_ENABLE_OBJC_WEAK = YES;
				CLANG_WARN_BLOCK_CAPTURE_AUTORELEASING = YES;
				CLANG_WARN_BOOL_CONVERSION = YES;
				CLANG_WARN_COMMA = YES;
				CLANG_WARN_CONSTANT_CONVERSION = YES;
				CLANG_WARN_DEPRECATED_OBJC_IMPLEMENTATIONS = YES;
				CLANG_WARN_DIRECT_OBJC_ISA_USAGE = YES_ERROR;
				CLANG_WARN_DOCUMENTATION_COMMENTS = YES;
				CLANG_WARN_EMPTY_BODY = YES;
				CLANG_WARN_ENUM_CONVERSION = YES;
				CLANG_WARN_INFINITE_RECURSION = YES;
				CLANG_WARN_INT_CONVERSION = YES;
				CLANG_WARN_NON_LITERAL_NULL_CONVERSION = YES;
				CLANG_WARN_OBJC_IMPLICIT_RETAIN_SELF = YES;
				CLANG_WARN_OBJC_LITERAL_CONVERSION = YES;
				CLANG_WARN_OBJC_ROOT_CLASS = YES_ERROR;
				CLANG_WARN_QUOTED_INCLUDE_IN_FRAMEWORK_HEADER = YES;
				CLANG_WARN_RANGE_LOOP_ANALYSIS = YES;
				CLANG_WARN_STRICT_PROTOTYPES = YES;
				CLANG_WARN_SUSPICIOUS_MOVE = YES;
				CLANG_WARN_UNGUARDED_AVAILABILITY = YES_AGGRESSIVE;
				CLANG_WARN_UNREACHABLE_CODE = YES;
				CLANG_WARN__DUPLICATE_METHOD_MATCH = YES;
				COPY_PHASE_STRIP = NO;
				DEBUG_INFORMATION_FORMAT = "dwarf-with-dsym";
				ENABLE_NS_ASSERTIONS = NO;
				ENABLE_STRICT_OBJC_MSGSEND = YES;
				GCC_C_LANGUAGE_STANDARD = gnu11;
				GCC_NO_COMMON_BLOCKS = YES;
				GCC_WARN_64_TO_32_BIT_CONVERSION = YES;
				GCC_WARN_ABOUT_RETURN_TYPE = YES_ERROR;
				GCC_WARN_UNDECLARED_SELECTOR = YES;
				GCC_WARN_UNINITIALIZED_AUTOS = YES_AGGRESSIVE;
				GCC_WARN_UNUSED_FUNCTION = YES;
				GCC_WARN_UNUSED_VARIABLE = YES;
				IPHONEOS_DEPLOYMENT_TARGET = 16.2;
				MTL_ENABLE_DEBUG_INFO = NO;
				MTL_FAST_MATH = YES;
				SDKROOT = iphoneos;
				SWIFT_COMPILATION_MODE = wholemodule;
				SWIFT_OPTIMIZATION_LEVEL = "-O";
				VALIDATE_PRODUCT = YES;
			};
			name = Release;
		};
		435D1A882D6105EC00116DF3 /* Debug */ = {
			isa = XCBuildConfiguration;
			buildSettings = {
				ASSETCATALOG_COMPILER_APPICON_NAME = AppIcon;
				ASSETCATALOG_COMPILER_GLOBAL_ACCENT_COLOR_NAME = AccentColor;
				CODE_SIGN_STYLE = Automatic;
				CURRENT_PROJECT_VERSION = 1;
				DEVELOPMENT_ASSET_PATHS = "\"refab/Preview Content\"";
				ENABLE_PREVIEWS = YES;
				GENERATE_INFOPLIST_FILE = YES;
				INFOPLIST_KEY_UIApplicationSceneManifest_Generation = YES;
				INFOPLIST_KEY_UIApplicationSupportsIndirectInputEvents = YES;
				INFOPLIST_KEY_UILaunchScreen_Generation = YES;
				INFOPLIST_KEY_UISupportedInterfaceOrientations_iPad = "UIInterfaceOrientationPortrait UIInterfaceOrientationPortraitUpsideDown UIInterfaceOrientationLandscapeLeft UIInterfaceOrientationLandscapeRight";
				INFOPLIST_KEY_UISupportedInterfaceOrientations_iPhone = "UIInterfaceOrientationPortrait UIInterfaceOrientationLandscapeLeft UIInterfaceOrientationLandscapeRight";
				LD_RUNPATH_SEARCH_PATHS = (
					"$(inherited)",
					"@executable_path/Frameworks",
				);
				MARKETING_VERSION = 1.0;
				PRODUCT_BUNDLE_IDENTIFIER = com.sophyjoasil.refab;
				PRODUCT_NAME = "$(TARGET_NAME)";
				SWIFT_EMIT_LOC_STRINGS = YES;
				SWIFT_VERSION = 5.0;
				TARGETED_DEVICE_FAMILY = "1,2";
			};
			name = Debug;
		};
		435D1A892D6105EC00116DF3 /* Release */ = {
			isa = XCBuildConfiguration;
			buildSettings = {
				ASSETCATALOG_COMPILER_APPICON_NAME = AppIcon;
				ASSETCATALOG_COMPILER_GLOBAL_ACCENT_COLOR_NAME = AccentColor;
				CODE_SIGN_STYLE = Automatic;
				CURRENT_PROJECT_VERSION = 1;
				DEVELOPMENT_ASSET_PATHS = "\"refab/Preview Content\"";
				ENABLE_PREVIEWS = YES;
				GENERATE_INFOPLIST_FILE = YES;
				INFOPLIST_KEY_UIApplicationSceneManifest_Generation = YES;
				INFOPLIST_KEY_UIApplicationSupportsIndirectInputEvents = YES;
				INFOPLIST_KEY_UILaunchScreen_Generation = YES;
				INFOPLIST_KEY_UISupportedInterfaceOrientations_iPad = "UIInterfaceOrientationPortrait UIInterfaceOrientationPortraitUpsideDown UIInterfaceOrientationLandscapeLeft UIInterfaceOrientationLandscapeRight";
				INFOPLIST_KEY_UISupportedInterfaceOrientations_iPhone = "UIInterfaceOrientationPortrait UIInterfaceOrientationLandscapeLeft UIInterfaceOrientationLandscapeRight";
				LD_RUNPATH_SEARCH_PATHS = (
					"$(inherited)",
					"@executable_path/Frameworks",
				);
				MARKETING_VERSION = 1.0;
				PRODUCT_BUNDLE_IDENTIFIER = com.sophyjoasil.refab;
				PRODUCT_NAME = "$(TARGET_NAME)";
				SWIFT_EMIT_LOC_STRINGS = YES;
				SWIFT_VERSION = 5.0;
				TARGETED_DEVICE_FAMILY = "1,2";
			};
			name = Release;
		};
		435D1A8B2D6105EC00116DF3 /* Debug */ = {
			isa = XCBuildConfiguration;
			buildSettings = {
				ALWAYS_EMBED_SWIFT_STANDARD_LIBRARIES = YES;
				BUNDLE_LOADER = "$(TEST_HOST)";
				CODE_SIGN_STYLE = Automatic;
				CURRENT_PROJECT_VERSION = 1;
				GENERATE_INFOPLIST_FILE = YES;
				IPHONEOS_DEPLOYMENT_TARGET = 16.2;
				MARKETING_VERSION = 1.0;
				PRODUCT_BUNDLE_IDENTIFIER = com.sophyjoasil.refabTests;
				PRODUCT_NAME = "$(TARGET_NAME)";
				SWIFT_EMIT_LOC_STRINGS = NO;
				SWIFT_VERSION = 5.0;
				TARGETED_DEVICE_FAMILY = "1,2";
				TEST_HOST = "$(BUILT_PRODUCTS_DIR)/refab.app/$(BUNDLE_EXECUTABLE_FOLDER_PATH)/refab";
			};
			name = Debug;
		};
		435D1A8C2D6105EC00116DF3 /* Release */ = {
			isa = XCBuildConfiguration;
			buildSettings = {
				ALWAYS_EMBED_SWIFT_STANDARD_LIBRARIES = YES;
				BUNDLE_LOADER = "$(TEST_HOST)";
				CODE_SIGN_STYLE = Automatic;
				CURRENT_PROJECT_VERSION = 1;
				GENERATE_INFOPLIST_FILE = YES;
				IPHONEOS_DEPLOYMENT_TARGET = 16.2;
				MARKETING_VERSION = 1.0;
				PRODUCT_BUNDLE_IDENTIFIER = com.sophyjoasil.refabTests;
				PRODUCT_NAME = "$(TARGET_NAME)";
				SWIFT_EMIT_LOC_STRINGS = NO;
				SWIFT_VERSION = 5.0;
				TARGETED_DEVICE_FAMILY = "1,2";
				TEST_HOST = "$(BUILT_PRODUCTS_DIR)/refab.app/$(BUNDLE_EXECUTABLE_FOLDER_PATH)/refab";
			};
			name = Release;
		};
		435D1A8E2D6105EC00116DF3 /* Debug */ = {
			isa = XCBuildConfiguration;
			buildSettings = {
				ALWAYS_EMBED_SWIFT_STANDARD_LIBRARIES = YES;
				CODE_SIGN_STYLE = Automatic;
				CURRENT_PROJECT_VERSION = 1;
				GENERATE_INFOPLIST_FILE = YES;
				MARKETING_VERSION = 1.0;
				PRODUCT_BUNDLE_IDENTIFIER = com.sophyjoasil.refabUITests;
				PRODUCT_NAME = "$(TARGET_NAME)";
				SWIFT_EMIT_LOC_STRINGS = NO;
				SWIFT_VERSION = 5.0;
				TARGETED_DEVICE_FAMILY = "1,2";
				TEST_TARGET_NAME = refab;
			};
			name = Debug;
		};
		435D1A8F2D6105EC00116DF3 /* Release */ = {
			isa = XCBuildConfiguration;
			buildSettings = {
				ALWAYS_EMBED_SWIFT_STANDARD_LIBRARIES = YES;
				CODE_SIGN_STYLE = Automatic;
				CURRENT_PROJECT_VERSION = 1;
				GENERATE_INFOPLIST_FILE = YES;
				MARKETING_VERSION = 1.0;
				PRODUCT_BUNDLE_IDENTIFIER = com.sophyjoasil.refabUITests;
				PRODUCT_NAME = "$(TARGET_NAME)";
				SWIFT_EMIT_LOC_STRINGS = NO;
				SWIFT_VERSION = 5.0;
				TARGETED_DEVICE_FAMILY = "1,2";
				TEST_TARGET_NAME = refab;
			};
			name = Release;
		};
/* End XCBuildConfiguration section */

/* Begin XCConfigurationList section */
		435D1A5E2D6105E600116DF3 /* Build configuration list for PBXProject "refab" */ = {
			isa = XCConfigurationList;
			buildConfigurations = (
				435D1A852D6105EC00116DF3 /* Debug */,
				435D1A862D6105EC00116DF3 /* Release */,
			);
			defaultConfigurationIsVisible = 0;
			defaultConfigurationName = Release;
		};
		435D1A872D6105EC00116DF3 /* Build configuration list for PBXNativeTarget "refab" */ = {
			isa = XCConfigurationList;
			buildConfigurations = (
				435D1A882D6105EC00116DF3 /* Debug */,
				435D1A892D6105EC00116DF3 /* Release */,
			);
			defaultConfigurationIsVisible = 0;
			defaultConfigurationName = Release;
		};
		435D1A8A2D6105EC00116DF3 /* Build configuration list for PBXNativeTarget "refabTests" */ = {
			isa = XCConfigurationList;
			buildConfigurations = (
				435D1A8B2D6105EC00116DF3 /* Debug */,
				435D1A8C2D6105EC00116DF3 /* Release */,
			);
			defaultConfigurationIsVisible = 0;
			defaultConfigurationName = Release;
		};
		435D1A8D2D6105EC00116DF3 /* Build configuration list for PBXNativeTarget "refabUITests" */ = {
			isa = XCConfigurationList;
			buildConfigurations = (
				435D1A8E2D6105EC00116DF3 /* Debug */,
				435D1A8F2D6105EC00116DF3 /* Release */,
			);
			defaultConfigurationIsVisible = 0;
			defaultConfigurationName = Release;
		};
/* End XCConfigurationList section */
	};
	rootObject = 435D1A5B2D6105E600116DF3 /* Project object */;
}
